
Microsoft Visual Studio Solution File, Format Version 12.00
# Visual Studio 15
VisualStudioVersion = 15.0.28307.329
MinimumVisualStudioVersion = 10.0.40219.1
Project("{9A19103F-16F7-4668-BE54-9A1E7A4F7556}") = "Matrix.SynapseInterop.Worker.DevWorker", "Matrix.SynapseInterop.Worker.DevWorker\Matrix.SynapseInterop.Worker.DevWorker.csproj", "{8908C167-7455-4DAF-B0D2-61943184F59E}"
EndProject
Project("{2150E333-8FDC-42A3-9474-1A3956D46DE8}") = "Solution Items", "Solution Items", "{B3F19939-E331-41F6-9527-D5B8A97C7487}"
	ProjectSection(SolutionItems) = preProject
		.gitignore = .gitignore
		appveyor.yml = appveyor.yml
		LICENSE = LICENSE
		README.md = README.md
	EndProjectSection
EndProject
Project("{9A19103F-16F7-4668-BE54-9A1E7A4F7556}") = "Matrix.SynapseInterop.Database", "Matrix.SynapseInterop.Database\Matrix.SynapseInterop.Database.csproj", "{D2F3DCC2-60C9-4FC0-A931-18C48FDDE339}"
EndProject
Project("{9A19103F-16F7-4668-BE54-9A1E7A4F7556}") = "Matrix.SynapseInterop.Worker.AppserviceSender", "Matrix.SynapseInterop.Worker.AppserviceSender\Matrix.SynapseInterop.Worker.AppserviceSender.csproj", "{6B441938-EBC0-4AB8-A9B5-1E7CFD178A4B}"
EndProject
Project("{9A19103F-16F7-4668-BE54-9A1E7A4F7556}") = "Matrix.SynapseInterop.Common", "Matrix.SynapseInterop.Common\Matrix.SynapseInterop.Common.csproj", "{C5FB7927-DAB7-42DC-B39D-CA60D102EBD8}"
EndProject
Project("{9A19103F-16F7-4668-BE54-9A1E7A4F7556}") = "Matrix.SynapseInterop.Worker.FederationSender", "Matrix.SynapseInterop.Worker.FederationSender\Matrix.SynapseInterop.Worker.FederationSender.csproj", "{40E1B4AE-F421-4870-B978-503C52129F17}"
EndProject
Project("{9A19103F-16F7-4668-BE54-9A1E7A4F7556}") = "Matrix.SynapseInterop.Common.MatrixUtils", "Matrix.SynapseInterop.Common.MatrixUtils\Matrix.SynapseInterop.Common.MatrixUtils.csproj", "{78587375-29CC-4E2C-9274-15E768AE3B3B}"
EndProject
Project("{FAE04EC0-301F-11D3-BF4B-00C04F79EFBC}") = "Matrix.SynapseInterop.Tests", "Matrix.SynapseInterop.Tests\Matrix.SynapseInterop.Tests.csproj", "{9B35EC06-9512-4F32-95BE-1C7F57D4A57A}"
EndProject
Global
	GlobalSection(SolutionConfigurationPlatforms) = preSolution
		Debug|Any CPU = Debug|Any CPU
		Release|Any CPU = Release|Any CPU
	EndGlobalSection
	GlobalSection(ProjectConfigurationPlatforms) = postSolution
		{8908C167-7455-4DAF-B0D2-61943184F59E}.Debug|Any CPU.ActiveCfg = Debug|Any CPU
		{8908C167-7455-4DAF-B0D2-61943184F59E}.Debug|Any CPU.Build.0 = Debug|Any CPU
		{8908C167-7455-4DAF-B0D2-61943184F59E}.Release|Any CPU.ActiveCfg = Release|Any CPU
		{8908C167-7455-4DAF-B0D2-61943184F59E}.Release|Any CPU.Build.0 = Release|Any CPU
		{D2F3DCC2-60C9-4FC0-A931-18C48FDDE339}.Debug|Any CPU.ActiveCfg = Debug|Any CPU
		{D2F3DCC2-60C9-4FC0-A931-18C48FDDE339}.Debug|Any CPU.Build.0 = Debug|Any CPU
		{D2F3DCC2-60C9-4FC0-A931-18C48FDDE339}.Release|Any CPU.ActiveCfg = Release|Any CPU
		{D2F3DCC2-60C9-4FC0-A931-18C48FDDE339}.Release|Any CPU.Build.0 = Release|Any CPU
		{6B441938-EBC0-4AB8-A9B5-1E7CFD178A4B}.Debug|Any CPU.ActiveCfg = Debug|Any CPU
		{6B441938-EBC0-4AB8-A9B5-1E7CFD178A4B}.Debug|Any CPU.Build.0 = Debug|Any CPU
		{6B441938-EBC0-4AB8-A9B5-1E7CFD178A4B}.Release|Any CPU.ActiveCfg = Release|Any CPU
		{6B441938-EBC0-4AB8-A9B5-1E7CFD178A4B}.Release|Any CPU.Build.0 = Release|Any CPU
		{C5FB7927-DAB7-42DC-B39D-CA60D102EBD8}.Debug|Any CPU.ActiveCfg = Debug|Any CPU
		{C5FB7927-DAB7-42DC-B39D-CA60D102EBD8}.Debug|Any CPU.Build.0 = Debug|Any CPU
		{C5FB7927-DAB7-42DC-B39D-CA60D102EBD8}.Release|Any CPU.ActiveCfg = Release|Any CPU
		{C5FB7927-DAB7-42DC-B39D-CA60D102EBD8}.Release|Any CPU.Build.0 = Release|Any CPU
		{40E1B4AE-F421-4870-B978-503C52129F17}.Debug|Any CPU.ActiveCfg = Debug|Any CPU
		{40E1B4AE-F421-4870-B978-503C52129F17}.Debug|Any CPU.Build.0 = Debug|Any CPU
		{40E1B4AE-F421-4870-B978-503C52129F17}.Release|Any CPU.ActiveCfg = Release|Any CPU
		{40E1B4AE-F421-4870-B978-503C52129F17}.Release|Any CPU.Build.0 = Release|Any CPU
		{78587375-29CC-4E2C-9274-15E768AE3B3B}.Debug|Any CPU.ActiveCfg = Debug|Any CPU
		{78587375-29CC-4E2C-9274-15E768AE3B3B}.Debug|Any CPU.Build.0 = Debug|Any CPU
		{78587375-29CC-4E2C-9274-15E768AE3B3B}.Release|Any CPU.ActiveCfg = Release|Any CPU
		{78587375-29CC-4E2C-9274-15E768AE3B3B}.Release|Any CPU.Build.0 = Release|Any CPU
		{9B35EC06-9512-4F32-95BE-1C7F57D4A57A}.Debug|Any CPU.ActiveCfg = Debug|Any CPU
		{9B35EC06-9512-4F32-95BE-1C7F57D4A57A}.Debug|Any CPU.Build.0 = Debug|Any CPU
		{9B35EC06-9512-4F32-95BE-1C7F57D4A57A}.Release|Any CPU.ActiveCfg = Release|Any CPU
		{9B35EC06-9512-4F32-95BE-1C7F57D4A57A}.Release|Any CPU.Build.0 = Release|Any CPU
	EndGlobalSection
	GlobalSection(SolutionProperties) = preSolution
		HideSolutionNode = FALSE
	EndGlobalSection
	GlobalSection(ExtensibilityGlobals) = postSolution
		SolutionGuid = {B8F326B7-A429-4420-94C0-B9A29AB200FC}
	EndGlobalSection
EndGlobal
